PODS:
  - Alamofire (4.8.1)
  - Kingfisher (5.1.0)
  - ListPlaceholder (1.4)
  - RxAtomic (4.4.0)
  - RxCocoa (4.4.0):
    - RxSwift (~> 4.0)
  - RxSwift (4.4.0):
    - RxAtomic (~> 4.4)

DEPENDENCIES:
  - Alamofire (~> 4.8.1)
  - Kingfisher (~> 5.0)
  - ListPlaceholder
  - RxCocoa (~> 4.0)
  - RxSwift (~> 4.0)

SPEC CHECKSUMS:
  Alamofire: 16ce2c353fb72865124ddae8a57c5942388f4f11
  Kingfisher: fcec238063d17404fca89bf0a850583211c4cbf6
  ListPlaceholder: 08ddaddf67520a20fc52cf37160fb56aa64d071d
  RxAtomic: eacf60db868c96bfd63320e28619fe29c179656f
  RxCocoa: df63ebf7b9a70d6b4eeea407ed5dd4efc8979749
  RxSwift: 5976ecd04fc2fefd648827c23de5e11157faa973

PODFILE CHECKSUM: eb60ad148a051c09b34455c25b489f18b7f99a61

COCOAPODS: 1.3.1
